
Microsoft Visual Studio Solution File, Format Version 12.00
# Visual Studio Version 17
VisualStudioVersion = 17.9.34728.123
MinimumVisualStudioVersion = 10.0.40219.1
Project("{FAE04EC0-301F-11D3-BF4B-00C04F79EFBC}") = "mf-dev-backend-2024", "mf-dev-backend-2024\mf-dev-backend-2024.csproj", "{94A764AA-7EDF-4C9D-9913-4FFA85A3D039}"
EndProject
Global
	GlobalSection(SolutionConfigurationPlatforms) = preSolution
		Debug|Any CPU = Debug|Any CPU
		Release|Any CPU = Release|Any CPU
	EndGlobalSection
	GlobalSection(ProjectConfigurationPlatforms) = postSolution
		{94A764AA-7EDF-4C9D-9913-4FFA85A3D039}.Debug|Any CPU.ActiveCfg = Debug|Any CPU
		{94A764AA-7EDF-4C9D-9913-4FFA85A3D039}.Debug|Any CPU.Build.0 = Debug|Any CPU
		{94A764AA-7EDF-4C9D-9913-4FFA85A3D039}.Release|Any CPU.ActiveCfg = Release|Any CPU
		{94A764AA-7EDF-4C9D-9913-4FFA85A3D039}.Release|Any CPU.Build.0 = Release|Any CPU
	EndGlobalSection
	GlobalSection(SolutionProperties) = preSolution
		HideSolutionNode = FALSE
	EndGlobalSection
	GlobalSection(ExtensibilityGlobals) = postSolution
		SolutionGuid = {D8B796A9-CEC5-40E7-AC7F-56641E71C791}
	EndGlobalSection
EndGlobal
